{
  "nodes": {
    "agenix": {
      "inputs": {
        "darwin": "darwin",
        "home-manager": "home-manager",
        "nixpkgs": [
          "nixpkgs"
        ]
      },
      "locked": {
        "lastModified": 1701216516,
        "narHash": "sha256-jKSeJn+7hZ1dZdiH1L+NWUGT2i/BGomKAJ54B9kT06Q=",
        "owner": "ryantm",
        "repo": "agenix",
        "rev": "13ac9ac6d68b9a0896e3d43a082947233189e247",
        "type": "github"
      },
      "original": {
        "owner": "ryantm",
        "repo": "agenix",
        "type": "github"
      }
    },
    "crane": {
      "inputs": {
        "flake-compat": "flake-compat",
        "flake-utils": [
          "helix",
          "flake-utils"
        ],
        "nixpkgs": [
          "helix",
          "nixpkgs"
        ],
        "rust-overlay": [
          "helix",
          "rust-overlay"
        ]
      },
      "locked": {
        "lastModified": 1688772518,
        "narHash": "sha256-ol7gZxwvgLnxNSZwFTDJJ49xVY5teaSvF7lzlo3YQfM=",
        "owner": "ipetkov",
        "repo": "crane",
        "rev": "8b08e96c9af8c6e3a2b69af5a7fa168750fcf88e",
        "type": "github"
      },
      "original": {
        "owner": "ipetkov",
        "repo": "crane",
        "type": "github"
      }
    },
    "darwin": {
      "inputs": {
        "nixpkgs": [
          "agenix",
          "nixpkgs"
        ]
      },
      "locked": {
        "lastModified": 1673295039,
        "narHash": "sha256-AsdYgE8/GPwcelGgrntlijMg4t3hLFJFCRF3tL5WVjA=",
        "owner": "lnl7",
        "repo": "nix-darwin",
        "rev": "87b9d090ad39b25b2400029c64825fc2a8868943",
        "type": "github"
      },
      "original": {
        "owner": "lnl7",
        "ref": "master",
        "repo": "nix-darwin",
        "type": "github"
      }
    },
    "devicons": {
      "flake": false,
      "locked": {
        "lastModified": 1701051941,
        "narHash": "sha256-6RYrOPbNkCowDOFDE4NrSKEdwDYURuYONFobGMoKrO8=",
        "owner": "nvim-tree",
        "repo": "nvim-web-devicons",
        "rev": "5efb8bd06841f91f97c90e16de85e96d57e9c862",
        "type": "github"
      },
      "original": {
        "owner": "nvim-tree",
        "repo": "nvim-web-devicons",
        "type": "github"
      }
    },
    "dressing": {
      "flake": false,
      "locked": {
        "lastModified": 1699335485,
        "narHash": "sha256-htUCShHjjwJU26/POs2GHDoUFFxczCXd87Ao//as5ig=",
        "owner": "stevearc",
        "repo": "dressing.nvim",
        "rev": "fe3071330a0720ce3695ac915820c8134b22d1b0",
        "type": "github"
      },
      "original": {
        "owner": "stevearc",
        "repo": "dressing.nvim",
        "type": "github"
      }
    },
    "flake-compat": {
      "flake": false,
      "locked": {
        "lastModified": 1673956053,
        "narHash": "sha256-4gtG9iQuiKITOjNQQeQIpoIB6b16fm+504Ch3sNKLd8=",
        "owner": "edolstra",
        "repo": "flake-compat",
        "rev": "35bb57c0c8d8b62bbfd284272c928ceb64ddbde9",
        "type": "github"
      },
      "original": {
        "owner": "edolstra",
        "repo": "flake-compat",
        "type": "github"
      }
    },
    "flake-utils": {
      "inputs": {
        "systems": "systems"
      },
      "locked": {
        "lastModified": 1689068808,
        "narHash": "sha256-6ixXo3wt24N/melDWjq70UuHQLxGV8jZvooRanIHXw0=",
        "owner": "numtide",
        "repo": "flake-utils",
        "rev": "919d646de7be200f3bf08cb76ae1f09402b6f9b4",
        "type": "github"
      },
      "original": {
        "owner": "numtide",
        "repo": "flake-utils",
        "type": "github"
      }
    },
    "flake-utils_2": {
      "locked": {
        "lastModified": 1659877975,
        "narHash": "sha256-zllb8aq3YO3h8B/U0/J1WBgAL8EX5yWf5pMj3G0NAmc=",
        "owner": "numtide",
        "repo": "flake-utils",
        "rev": "c0e246b9b83f637f4681389ecabcb2681b4f3af0",
        "type": "github"
      },
      "original": {
        "owner": "numtide",
        "repo": "flake-utils",
        "type": "github"
      }
    },
    "gen": {
      "flake": false,
      "locked": {
        "lastModified": 1701184142,
        "narHash": "sha256-RpqE7E6B3RetJ2ILxLDX+jc2/ejkjA7IoHtzG3nLxpY=",
        "owner": "David-Kunz",
        "repo": "gen.nvim",
        "rev": "aa951166745dd3cb5a7bf8297ce2bd20d3bb4e00",
        "type": "github"
      },
      "original": {
        "owner": "David-Kunz",
        "repo": "gen.nvim",
        "type": "github"
      }
    },
    "gitsigns": {
      "flake": false,
      "locked": {
        "lastModified": 1701259661,
        "narHash": "sha256-cVs6thVq70ggQTvK/wEi377OgXqoaX3ulnyr+z6s0iA=",
        "owner": "lewis6991",
        "repo": "gitsigns.nvim",
        "rev": "6ef8c54fb526bf3a0bc4efb0b2fe8e6d9a7daed2",
        "type": "github"
      },
      "original": {
        "owner": "lewis6991",
        "repo": "gitsigns.nvim",
        "type": "github"
      }
    },
    "helix": {
      "inputs": {
        "crane": "crane",
        "flake-utils": "flake-utils",
        "nixpkgs": "nixpkgs",
        "rust-overlay": "rust-overlay"
      },
      "locked": {
        "lastModified": 1701407251,
        "narHash": "sha256-HO4T2BqUpWR7GiiJHgMqI3vv0IBYABi+l85chaQ4SP8=",
        "owner": "helix-editor",
        "repo": "helix",
        "rev": "86023cf1e6c9ab12446061e40c838335c5790979",
        "type": "github"
      },
      "original": {
        "owner": "helix-editor",
        "repo": "helix",
        "type": "github"
      }
    },
    "home-manager": {
      "inputs": {
        "nixpkgs": [
          "agenix",
          "nixpkgs"
        ]
      },
      "locked": {
        "lastModified": 1682203081,
        "narHash": "sha256-kRL4ejWDhi0zph/FpebFYhzqlOBrk0Pl3dzGEKSAlEw=",
        "owner": "nix-community",
        "repo": "home-manager",
        "rev": "32d3e39c491e2f91152c84f8ad8b003420eab0a1",
        "type": "github"
      },
      "original": {
        "owner": "nix-community",
        "repo": "home-manager",
        "type": "github"
      }
    },
    "indent-blankline": {
      "flake": false,
      "locked": {
        "lastModified": 1698667250,
        "narHash": "sha256-IbafWRyQuR3JwfniGZm5rJQE0u8ih6hIRThi4kxLFn0=",
        "owner": "lukas-reineke",
        "repo": "indent-blankline.nvim",
        "rev": "29be0919b91fb59eca9e90690d76014233392bef",
        "type": "github"
      },
      "original": {
        "owner": "lukas-reineke",
        "repo": "indent-blankline.nvim",
        "type": "github"
      }
    },
    "mini": {
      "flake": false,
      "locked": {
        "lastModified": 1701178420,
        "narHash": "sha256-seiKXM2aXSY9wdSuv7yz51jNGumEzvLgykvCfluUq+8=",
        "owner": "echasnovski",
        "repo": "mini.nvim",
        "rev": "964fab7fecd14f66a69a96162f8aa816480690fd",
        "type": "github"
      },
      "original": {
        "owner": "echasnovski",
        "repo": "mini.nvim",
        "type": "github"
      }
    },
    "neovim-plugins": {
      "inputs": {
        "devicons": "devicons",
        "dressing": "dressing",
        "gen": "gen",
        "gitsigns": "gitsigns",
        "indent-blankline": "indent-blankline",
        "mini": "mini",
        "nixpkgs": [
          "nixpkgs-unstable"
        ],
        "nvim-lspconfig": "nvim-lspconfig",
        "oceanic-next": "oceanic-next",
        "plenary": "plenary",
        "telescope": "telescope",
        "telescope-file-browser": "telescope-file-browser"
      },
      "locked": {
        "lastModified": 1701392462,
        "narHash": "sha256-jKVrC+fAJ/TXZdGTIUwHpVdyHzZL0iZ9pQLMUuMj/Eo=",
        "owner": "LongerHV",
        "repo": "neovim-plugins-overlay",
        "rev": "4a26780d219a1971439e6e844d6eb3c774ac5f88",
        "type": "github"
      },
      "original": {
        "owner": "LongerHV",
        "repo": "neovim-plugins-overlay",
        "type": "github"
      }
    },
    "nixgl": {
      "inputs": {
        "flake-utils": "flake-utils_2",
        "nixpkgs": [
          "nixpkgs"
        ]
      },
      "locked": {
        "lastModified": 1685908677,
        "narHash": "sha256-E4zUPEUFyVWjVm45zICaHRpfGepfkE9Z2OECV9HXfA4=",
        "owner": "guibou",
        "repo": "nixGL",
        "rev": "489d6b095ab9d289fe11af0219a9ff00fe87c7c5",
        "type": "github"
      },
      "original": {
        "owner": "guibou",
        "repo": "nixGL",
        "type": "github"
      }
    },
    "nixos-hardware": {
      "locked": {
        "lastModified": 1701250978,
        "narHash": "sha256-ohu3cz4edjpGxs2qUTgbs0WrnewOX4crnUJNEB6Jox4=",
        "owner": "NixOS",
        "repo": "nixos-hardware",
        "rev": "8772491ed75f150f02552c60694e1beff9f46013",
        "type": "github"
      },
      "original": {
        "owner": "NixOS",
        "ref": "master",
        "repo": "nixos-hardware",
        "type": "github"
      }
    },
    "nixpkgs": {
      "locked": {
        "lastModified": 1690272529,
        "narHash": "sha256-MakzcKXEdv/I4qJUtq/k/eG+rVmyOZLnYNC2w1mB59Y=",
        "owner": "nixos",
        "repo": "nixpkgs",
        "rev": "ef99fa5c5ed624460217c31ac4271cfb5cb2502c",
        "type": "github"
      },
      "original": {
        "owner": "nixos",
        "ref": "nixos-unstable",
        "repo": "nixpkgs",
        "type": "github"
      }
    },
    "nixpkgs-unstable": {
      "locked": {
        "lastModified": 1701253981,
        "narHash": "sha256-ztaDIyZ7HrTAfEEUt9AtTDNoCYxUdSd6NrRHaYOIxtk=",
        "owner": "NixOS",
        "repo": "nixpkgs",
        "rev": "e92039b55bcd58469325ded85d4f58dd5a4eaf58",
        "type": "github"
      },
      "original": {
        "owner": "NixOS",
        "ref": "nixos-unstable",
        "repo": "nixpkgs",
        "type": "github"
      }
    },
    "nixpkgs_2": {
      "locked": {
        "lastModified": 1701389149,
        "narHash": "sha256-rU1suTIEd5DGCaAXKW6yHoCfR1mnYjOXQFOaH7M23js=",
        "owner": "NixOS",
        "repo": "nixpkgs",
        "rev": "5de0b32be6e85dc1a9404c75131316e4ffbc634c",
        "type": "github"
      },
      "original": {
        "owner": "NixOS",
        "ref": "nixos-23.11",
        "repo": "nixpkgs",
        "type": "github"
      }
    },
    "nvim-lspconfig": {
      "flake": false,
      "locked": {
        "lastModified": 1701322583,
        "narHash": "sha256-nPXJPT3j5nEHoJ8VzOtqcWszzZKcrFBsXmo7RU63CY4=",
        "owner": "neovim",
        "repo": "nvim-lspconfig",
        "rev": "fcf153fbbf1facd16a71d46b92be8be495123a9f",
        "type": "github"
      },
      "original": {
        "owner": "neovim",
        "repo": "nvim-lspconfig",
        "type": "github"
      }
    },
    "oceanic-next": {
      "flake": false,
      "locked": {
        "lastModified": 1682948609,
        "narHash": "sha256-f5isbjoGMsLlzWkxQAU2an4lwEiIPuXKAZGyezZlv/M=",
        "owner": "mhartington",
        "repo": "oceanic-next",
        "rev": "09833f72d5ba23de2e8bcae18f479f326f5f677a",
        "type": "github"
      },
      "original": {
        "owner": "mhartington",
        "repo": "oceanic-next",
        "type": "github"
      }
    },
    "plenary": {
      "flake": false,
      "locked": {
        "lastModified": 1701343040,
        "narHash": "sha256-f8YVaXMG0ZyW6iotAgnftaYULnL69UPolRad6RTG27g=",
        "owner": "nvim-lua",
        "repo": "plenary.nvim",
        "rev": "55d9fe89e33efd26f532ef20223e5f9430c8b0c0",
        "type": "github"
      },
      "original": {
        "owner": "nvim-lua",
        "repo": "plenary.nvim",
        "type": "github"
      }
    },
    "root": {
      "inputs": {
        "agenix": "agenix",
        "helix": "helix",
        "neovim-plugins": "neovim-plugins",
        "nixgl": "nixgl",
        "nixos-hardware": "nixos-hardware",
        "nixpkgs": "nixpkgs_2",
        "nixpkgs-unstable": "nixpkgs-unstable"
      }
    },
    "rust-overlay": {
      "inputs": {
        "flake-utils": [
          "helix",
          "flake-utils"
        ],
        "nixpkgs": [
          "helix",
          "nixpkgs"
        ]
      },
      "locked": {
        "lastModified": 1690424156,
        "narHash": "sha256-Bpml+L280tHTQpwpC5/BJbU4HSvEzMvW8IZ4gAXimhE=",
        "owner": "oxalica",
        "repo": "rust-overlay",
        "rev": "f335a0213504c7e6481c359dc1009be9cf34432c",
        "type": "github"
      },
      "original": {
        "owner": "oxalica",
        "repo": "rust-overlay",
        "type": "github"
      }
    },
    "systems": {
      "locked": {
        "lastModified": 1681028828,
        "narHash": "sha256-Vy1rq5AaRuLzOxct8nz4T6wlgyUR7zLU309k9mBC768=",
        "owner": "nix-systems",
        "repo": "default",
        "rev": "da67096a3b9bf56a91d16901293e51ba5b49a27e",
        "type": "github"
      },
      "original": {
        "owner": "nix-systems",
        "repo": "default",
        "type": "github"
      }
    },
    "telescope": {
      "flake": false,
      "locked": {
        "lastModified": 1701111022,
        "narHash": "sha256-cb01++DeUmDLfizcx06iL5/XOyeYqui6RN5i3WOSEyg=",
        "owner": "nvim-telescope",
        "repo": "telescope.nvim",
        "rev": "84c5a71d825b6687a55aed6f41e98b92fd8e5454",
        "type": "github"
      },
      "original": {
        "owner": "nvim-telescope",
        "repo": "telescope.nvim",
        "type": "github"
      }
    },
    "telescope-file-browser": {
      "flake": false,
      "locked": {
        "lastModified": 1700948861,
        "narHash": "sha256-eAzGA8s47L7J+OBhFRW1h+GngRT2hmkNUvkM+E4Tmus=",
        "owner": "nvim-telescope",
        "repo": "telescope-file-browser.nvim",
        "rev": "d7c453396a043c265bef1227920628e7b811ff30",
        "type": "github"
      },
      "original": {
        "owner": "nvim-telescope",
        "repo": "telescope-file-browser.nvim",
        "type": "github"
      }
    }
  },
  "root": "root",
  "version": 7
}
