{
  "nodes": {
    "agenix": {
      "inputs": {
        "nixpkgs": [
          "nixpkgs"
        ]
      },
      "locked": {
        "lastModified": 1790734419,
        "narHash": "sha256-n7wew722m1OTBT9DOIMxNX/NF4zfsSUABAO5eW3wikE=",
        "owner": "ryantm",
        "repo": "agenix",
        "rev": "3daa710894355fa2fad8243380af373a2b4046ef",
        "type": "github"
      },
      "original": {
        "owner": "ryantm",
        "repo": "agenix",
        "type": "github"
      }
    },
    "cmp-buffer": {
      "flake": false,
      "locked": {
        "lastModified": 1743497185,
        "narHash": "sha256-dG4U7MtnXThoa/PD+qFtCt76MQ14V1wX8GMYcvxEnbM=",
        "owner": "hrsh7th",
        "repo": "cmp-buffer",
        "rev": "b74fab3656eea9de20a9b8116afa3cfc4ec09657",
        "type": "github"
      },
      "original": {
        "owner": "hrsh7th",
        "repo": "cmp-buffer",
        "type": "github"
      }
    },
    "cmp-nvim-lsp": {
      "flake": false,
      "locked": {
        "lastModified": 1763018865,
        "narHash": "sha256-CYZdfAsJYQyW413fRvNbsS5uayuc6fKDvDLZ2Y7j3ZQ=",
        "owner": "hrsh7th",
        "repo": "cmp-nvim-lsp",
        "rev": "cbc7b02bb99fae35cb42f514762b89b5126651ef",
        "type": "github"
      },
      "original": {
        "owner": "hrsh7th",
        "repo": "cmp-nvim-lsp",
        "type": "github"
      }
    },
    "cmp-path": {
      "flake": false,
      "locked": {
        "lastModified": 1753844861,
        "narHash": "sha256-e4Rd2y1Wekp7aobpTGaUeoSBnlfIASDaBR8js5dh2Vw=",
        "owner": "hrsh7th",
        "repo": "cmp-path",
        "rev": "c642487086dbd9a93160e1679a1327be111cbc25",
        "type": "github"
      },
      "original": {
        "owner": "hrsh7th",
        "repo": "cmp-path",
        "type": "github"
      }
    },
    "copilot-cmp": {
      "flake": false,
      "locked": {
        "lastModified": 1733947099,
        "narHash": "sha256-erRL8bY/zuwuCZfttw+avTrFV7pjv2H6v73NzY2bymM=",
        "owner": "zbirenbaum",
        "repo": "copilot-cmp",
        "rev": "15fc12af3d0109fa76b60b5cffa1373697e261d1",
        "type": "github"
      },
      "original": {
        "owner": "zbirenbaum",
        "repo": "copilot-cmp",
        "type": "github"
      }
    },
    "copilot-lua": {
      "flake": false,
      "locked": {
        "lastModified": 1790706130,
        "narHash": "sha256-IWN8vWvF8XfIDzcJ2wCbv9gz3e8ShnKn4AyyU8bMAts=",
        "owner": "zbirenbaum",
        "repo": "copilot.lua",
        "rev": "9c8b172570105d31ff707cb0d62897f79c2ddb1f",
        "type": "github"
      },
      "original": {
        "owner": "zbirenbaum",
        "repo": "copilot.lua",
        "type": "github"
      }
    },
    "devicons": {
      "flake": false,
      "locked": {
        "lastModified": 1789951417,
        "narHash": "sha256-6LC1IxH3h2T8cMOtwUiJst7+Bk9Uux9tG2xiCbr8hPc=",
        "owner": "nvim-tree",
        "repo": "nvim-web-devicons",
        "rev": "58447c1fca354bbf184425e4a8d01deecbd6f3c4",
        "type": "github"
      },
      "original": {
        "owner": "nvim-tree",
        "repo": "nvim-web-devicons",
        "type": "github"
      }
    },
    "dressing": {
      "flake": false,
      "locked": {
        "lastModified": 1739381641,
        "narHash": "sha256-dBz+/gZA6O6fJy/GSgM6ZHGAR3MTGt/W1olzzTYRlgM=",
        "owner": "stevearc",
        "repo": "dressing.nvim",
        "rev": "2d7c2db2507fa3c4956142ee607431ddb2828639",
        "type": "github"
      },
      "original": {
        "owner": "stevearc",
        "repo": "dressing.nvim",
        "type": "github"
      }
    },
    "flake-utils": {
      "inputs": {
        "systems": "systems"
      },
      "locked": {
        "lastModified": 1731533236,
        "narHash": "sha256-l0KFg5HjrsfsO/JpG+r7fRrqm12kzFHyUHqHCVpMMbI=",
        "owner": "numtide",
        "repo": "flake-utils",
        "rev": "11707dc2f618dd54ca8739b309ec4fc024de578b",
        "type": "github"
      },
      "original": {
        "owner": "numtide",
        "repo": "flake-utils",
        "type": "github"
      }
    },
    "gitsigns": {
      "flake": false,
      "locked": {
        "lastModified": 1790071345,
        "narHash": "sha256-ys58YqtdxdotyGxBHa90qwQv8lIXMuAitF8yf2p83M8=",
        "owner": "lewis6991",
        "repo": "gitsigns.nvim",
        "rev": "070a5d7b985546cc57e1fc61e5bc507fecac6045",
        "type": "github"
      },
      "original": {
        "owner": "lewis6991",
        "repo": "gitsigns.nvim",
        "type": "github"
      }
    },
    "goose": {
      "flake": false,
      "locked": {
        "lastModified": 1787415242,
        "narHash": "sha256-JTYRJZjmBjNwOd8X2Duc0Bc017ZVSCnl8wlg018hQ4E=",
        "owner": "azorng",
        "repo": "goose.nvim",
        "rev": "a64003bd1442a716cf19357901763ecbb1f22c32",
        "type": "github"
      },
      "original": {
        "owner": "azorng",
        "repo": "goose.nvim",
        "type": "github"
      }
    },
    "helix": {
      "inputs": {
        "nixpkgs": "nixpkgs",
        "rust-overlay": "rust-overlay"
      },
      "locked": {
        "lastModified": 1790649139,
        "narHash": "sha256-ZjMduEHRsY0H8OHJ5oiF/AcxOBhIiCBwo7D+g1yYwKc=",
        "owner": "helix-editor",
        "repo": "helix",
        "rev": "ba40e547426b0f9896c8bdc699a4ab11f2b37dbc",
        "type": "github"
      },
      "original": {
        "owner": "helix-editor",
        "repo": "helix",
        "type": "github"
      }
    },
    "indent-blankline": {
      "flake": false,
      "locked": {
        "lastModified": 1788483448,
        "narHash": "sha256-vVzaXiVgpn/CbgFSXOPHwaTdnKxW9fbI2Sse+BiJczw=",
        "owner": "lukas-reineke",
        "repo": "indent-blankline.nvim",
        "rev": "f1e186e44d3b7f9ae918008e2c28ce37c6023d2d",
        "type": "github"
      },
      "original": {
        "owner": "lukas-reineke",
        "repo": "indent-blankline.nvim",
        "type": "github"
      }
    },
    "lspkind-nvim": {
      "flake": false,
      "locked": {
        "lastModified": 1769689909,
        "narHash": "sha256-aIopYLm/x1CgCKpcsu9pxpqL0SXXhHDPTM8DKUwGeRw=",
        "owner": "onsails",
        "repo": "lspkind-nvim",
        "rev": "c7274c48137396526b59d86232eabcdc7fed8a32",
        "type": "github"
      },
      "original": {
        "owner": "onsails",
        "repo": "lspkind-nvim",
        "type": "github"
      }
    },
    "mini": {
      "flake": false,
      "locked": {
        "lastModified": 1790090759,
        "narHash": "sha256-3awzZQYDve+49ZhygVuPMOsB7d750XVe+BnglfM7Fng=",
        "owner": "echasnovski",
        "repo": "mini.nvim",
        "rev": "561751e839b99a4baca36b9d963166b66d2536a6",
        "type": "github"
      },
      "original": {
        "owner": "echasnovski",
        "repo": "mini.nvim",
        "type": "github"
      }
    },
    "neovim-plugins": {
      "inputs": {
        "cmp-buffer": "cmp-buffer",
        "cmp-nvim-lsp": "cmp-nvim-lsp",
        "cmp-path": "cmp-path",
        "copilot-cmp": "copilot-cmp",
        "copilot-lua": "copilot-lua",
        "devicons": "devicons",
        "dressing": "dressing",
        "gitsigns": "gitsigns",
        "goose": "goose",
        "indent-blankline": "indent-blankline",
        "lspkind-nvim": "lspkind-nvim",
        "mini": "mini",
        "nixpkgs": [
          "nixpkgs-unstable"
        ],
        "nvim-cmp": "nvim-cmp",
        "nvim-lspconfig": "nvim-lspconfig",
        "oceanic-next": "oceanic-next",
        "oil": "oil",
        "plenary": "plenary",
        "schemastore": "schemastore",
        "telescope": "telescope",
        "telescope-file-browser": "telescope-file-browser"
      },
      "locked": {
        "lastModified": 1790740674,
        "narHash": "sha256-7YnUHzOYXXABe0tYx9JgKwA+2y4TzJ614YTQTQ44Tew=",
        "owner": "LongerHV",
        "repo": "neovim-plugins-overlay",
        "rev": "6340b9de5e956f864d331fab00051df45b638742",
        "type": "github"
      },
      "original": {
        "owner": "LongerHV",
        "repo": "neovim-plugins-overlay",
        "type": "github"
      }
    },
    "nixgl": {
      "inputs": {
        "flake-utils": "flake-utils",
        "nixpkgs": [
          "nixpkgs"
        ]
      },
      "locked": {
        "lastModified": 1762090880,
        "narHash": "sha256-fbRQzIGPkjZa83MowjbD2ALaJf9y6KMDdJBQMKFeY/8=",
        "owner": "guibou",
        "repo": "nixGL",
        "rev": "b6105297e6f0cd041670c3e8628394d4ee247ed5",
        "type": "github"
      },
      "original": {
        "owner": "guibou",
        "repo": "nixGL",
        "type": "github"
      }
    },
    "nixos-hardware": {
      "inputs": {
        "nixpkgs": "nixpkgs_2"
      },
      "locked": {
        "lastModified": 1790722812,
        "narHash": "sha256-XwFt1uLyaBCQU1/nUeGqeBnqNXPVgGRnz20YVYdmF6Y=",
        "owner": "NixOS",
        "repo": "nixos-hardware",
        "rev": "06f9ecaea5f64b6ff61cf42cb32f21621c4fa14a",
        "type": "github"
      },
      "original": {
        "owner": "NixOS",
        "ref": "master",
        "repo": "nixos-hardware",
        "type": "github"
      }
    },
    "nixpkgs": {
      "locked": {
        "lastModified": 1775036866,
        "narHash": "sha256-ZojAnPuCdy657PbTq5V0Y+AHKhZAIwSIT2cb8UgAz/U=",
        "owner": "nixos",
        "repo": "nixpkgs",
        "rev": "6201e203d09599479a3b3450ed24fa81537ebc4e",
        "type": "github"
      },
      "original": {
        "owner": "nixos",
        "ref": "nixos-unstable",
        "repo": "nixpkgs",
        "type": "github"
      }
    },
    "nixpkgs-unstable": {
      "locked": {
        "lastModified": 1790689126,
        "narHash": "sha256-ilerN1WLSvF+HMjziC/Wv99J5y02maDH+6hZPwsORKg=",
        "owner": "NixOS",
        "repo": "nixpkgs",
        "rev": "b4fd65b198c599cbe814fcb9f42d25d021595ec9",
        "type": "github"
      },
      "original": {
        "owner": "NixOS",
        "ref": "nixos-unstable",
        "repo": "nixpkgs",
        "type": "github"
      }
    },
    "nixpkgs_2": {
      "locked": {
        "lastModified": 1789546076,
        "narHash": "sha256-vWkSk5bbfTqdtMoSgD9FshACO8JCvXTFi+3cqEp0mH0=",
        "rev": "b1b875982b17dabde9b4a37f3e229e74913e6db3",
        "type": "tarball",
        "url": "https://releases.nixos.org/nixos/unstable/nixos-26.11pre1074753.b1b875982b17/nixexprs.tar.xz"
      },
      "original": {
        "type": "tarball",
        "url": "https://channels.nixos.org/nixos-unstable/nixexprs.tar.xz"
      }
    },
    "nixpkgs_3": {
      "locked": {
        "lastModified": 1790750587,
        "narHash": "sha256-VfjaoJ1Uyb7JZTrBgE5Jf2nhjtQPmD9KOd19HJwmZwM=",
        "owner": "NixOS",
        "repo": "nixpkgs",
        "rev": "78e9c786dc08cd4f3420c2395cd977206a9b1da2",
        "type": "github"
      },
      "original": {
        "owner": "NixOS",
        "ref": "nixos-26.05",
        "repo": "nixpkgs",
        "type": "github"
      }
    },
    "nvim-cmp": {
      "flake": false,
      "locked": {
        "lastModified": 1783641462,
        "narHash": "sha256-YN8KAXVv1AFc3DajWVIl+EppOx/s3vdxiKMlb/lj5qc=",
        "owner": "hrsh7th",
        "repo": "nvim-cmp",
        "rev": "2ffe79f1f021def8dd1fcd81deb16f1bb0d989f3",
        "type": "github"
      },
      "original": {
        "owner": "hrsh7th",
        "repo": "nvim-cmp",
        "type": "github"
      }
    },
    "nvim-lspconfig": {
      "flake": false,
      "locked": {
        "lastModified": 1790428870,
        "narHash": "sha256-9XFik7vpA6ETPQM7KhJR2WZPlBa++Aw2NRr5GUnEmgM=",
        "owner": "neovim",
        "repo": "nvim-lspconfig",
        "rev": "a9bb4d5f4276aa5cddc015faa3ecc5a7b5a26b14",
        "type": "github"
      },
      "original": {
        "owner": "neovim",
        "repo": "nvim-lspconfig",
        "type": "github"
      }
    },
    "oceanic-next": {
      "flake": false,
      "locked": {
        "lastModified": 1682948609,
        "narHash": "sha256-f5isbjoGMsLlzWkxQAU2an4lwEiIPuXKAZGyezZlv/M=",
        "owner": "mhartington",
        "repo": "oceanic-next",
        "rev": "09833f72d5ba23de2e8bcae18f479f326f5f677a",
        "type": "github"
      },
      "original": {
        "owner": "mhartington",
        "repo": "oceanic-next",
        "type": "github"
      }
    },
    "oil": {
      "flake": false,
      "locked": {
        "lastModified": 1780420891,
        "narHash": "sha256-Q8t2GYOEBWcR19Ht2ZCx5FEusscY76LhXVae4ZW/3j0=",
        "owner": "stevearc",
        "repo": "oil.nvim",
        "rev": "b73018b75affd13fa38e2fc94ef753b465f770d7",
        "type": "github"
      },
      "original": {
        "owner": "stevearc",
        "repo": "oil.nvim",
        "type": "github"
      }
    },
    "plenary": {
      "flake": false,
      "locked": {
        "lastModified": 1775800366,
        "narHash": "sha256-nkfETDkPiE+Kd2BWYZijgUp9bP8RgFwRmvqJz2BMuq4=",
        "owner": "nvim-lua",
        "repo": "plenary.nvim",
        "rev": "74b06c6c75e4eeb3108ec01852001636d85a932b",
        "type": "github"
      },
      "original": {
        "owner": "nvim-lua",
        "repo": "plenary.nvim",
        "type": "github"
      }
    },
    "root": {
      "inputs": {
        "agenix": "agenix",
        "helix": "helix",
        "neovim-plugins": "neovim-plugins",
        "nixgl": "nixgl",
        "nixos-hardware": "nixos-hardware",
        "nixpkgs": "nixpkgs_3",
        "nixpkgs-unstable": "nixpkgs-unstable"
      }
    },
    "rust-overlay": {
      "inputs": {
        "nixpkgs": [
          "helix",
          "nixpkgs"
        ]
      },
      "locked": {
        "lastModified": 1775358767,
        "narHash": "sha256-f2eC+WIfhjevCPQILuV08i/kmKZzYZpUvkom/33VxCA=",
        "owner": "oxalica",
        "repo": "rust-overlay",
        "rev": "20fd44bc663daa53a2575e01293e24e681d62244",
        "type": "github"
      },
      "original": {
        "owner": "oxalica",
        "repo": "rust-overlay",
        "type": "github"
      }
    },
    "schemastore": {
      "flake": false,
      "locked": {
        "lastModified": 1790726659,
        "narHash": "sha256-vowEWiL0KIVnfKC1NDF78M4xnK+EniejdDSbFeEwFr8=",
        "owner": "b0o",
        "repo": "SchemaStore.nvim",
        "rev": "90513f613907e00ce9a07cfd9773a3e18d73146e",
        "type": "github"
      },
      "original": {
        "owner": "b0o",
        "repo": "SchemaStore.nvim",
        "type": "github"
      }
    },
    "systems": {
      "locked": {
        "lastModified": 1681028828,
        "narHash": "sha256-Vy1rq5AaRuLzOxct8nz4T6wlgyUR7zLU309k9mBC768=",
        "owner": "nix-systems",
        "repo": "default",
        "rev": "da67096a3b9bf56a91d16901293e51ba5b49a27e",
        "type": "github"
      },
      "original": {
        "owner": "nix-systems",
        "repo": "default",
        "type": "github"
      }
    },
    "telescope": {
      "flake": false,
      "locked": {
        "lastModified": 1786964191,
        "narHash": "sha256-Ci7D8aTUhh9DwwHvEV8Pndma8b/iwylUcoDKrIKVYN4=",
        "owner": "nvim-telescope",
        "repo": "telescope.nvim",
        "rev": "40aedd8a68c78a656a10a8d62d80c54af59420fb",
        "type": "github"
      },
      "original": {
        "owner": "nvim-telescope",
        "repo": "telescope.nvim",
        "type": "github"
      }
    },
    "telescope-file-browser": {
      "flake": false,
      "locked": {
        "lastModified": 1754424906,
        "narHash": "sha256-FlJ7w5Ywwq03E0oYdnFJFb+MMUMQMa+5QhDMy2O9tGQ=",
        "owner": "nvim-telescope",
        "repo": "telescope-file-browser.nvim",
        "rev": "3610dc7dc91f06aa98b11dca5cc30dfa98626b7e",
        "type": "github"
      },
      "original": {
        "owner": "nvim-telescope",
        "repo": "telescope-file-browser.nvim",
        "type": "github"
      }
    }
  },
  "root": "root",
  "version": 7
}
